
Microsoft Visual Studio Solution File, Format Version 12.00
# Visual Studio Version 17
VisualStudioVersion = 17.9.34622.214
MinimumVisualStudioVersion = 10.0.40219.1
Project("{FAE04EC0-301F-11D3-BF4B-00C04F79EFBC}") = "tpmodul10_1302223116", "tpmodul10_1302223116\tpmodul10_1302223116.csproj", "{1C7F27C5-1AA5-409B-8F05-77A5CE09987E}"
EndProject
Global
	GlobalSection(SolutionConfigurationPlatforms) = preSolution
		Debug|Any CPU = Debug|Any CPU
		Release|Any CPU = Release|Any CPU
	EndGlobalSection
	GlobalSection(ProjectConfigurationPlatforms) = postSolution
		{1C7F27C5-1AA5-409B-8F05-77A5CE09987E}.Debug|Any CPU.ActiveCfg = Debug|Any CPU
		{1C7F27C5-1AA5-409B-8F05-77A5CE09987E}.Debug|Any CPU.Build.0 = Debug|Any CPU
		{1C7F27C5-1AA5-409B-8F05-77A5CE09987E}.Release|Any CPU.ActiveCfg = Release|Any CPU
		{1C7F27C5-1AA5-409B-8F05-77A5CE09987E}.Release|Any CPU.Build.0 = Release|Any CPU
	EndGlobalSection
	GlobalSection(SolutionProperties) = preSolution
		HideSolutionNode = FALSE
	EndGlobalSection
	GlobalSection(ExtensibilityGlobals) = postSolution
		SolutionGuid = {A2028F8C-3C56-443D-B129-26F546FC8BCB}
	EndGlobalSection
EndGlobal
